
Microsoft Visual Studio Solution File, Format Version 12.00
# Visual Studio 15
VisualStudioVersion = 15.0.28010.2016
MinimumVisualStudioVersion = 10.0.40219.1
Project("{FAE04EC0-301F-11D3-BF4B-00C04F79EFBC}") = "DayThree_Blog", "DayThree_Blog\DayThree_Blog.csproj", "{7698D69B-5EF6-4551-B42F-B518CC2B4595}"
EndProject
Global
	GlobalSection(SolutionConfigurationPlatforms) = preSolution
		Debug|Any CPU = Debug|Any CPU
		Release|Any CPU = Release|Any CPU
	EndGlobalSection
	GlobalSection(ProjectConfigurationPlatforms) = postSolution
		{7698D69B-5EF6-4551-B42F-B518CC2B4595}.Debug|Any CPU.ActiveCfg = Debug|Any CPU
		{7698D69B-5EF6-4551-B42F-B518CC2B4595}.Debug|Any CPU.Build.0 = Debug|Any CPU
		{7698D69B-5EF6-4551-B42F-B518CC2B4595}.Release|Any CPU.ActiveCfg = Release|Any CPU
		{7698D69B-5EF6-4551-B42F-B518CC2B4595}.Release|Any CPU.Build.0 = Release|Any CPU
	EndGlobalSection
	GlobalSection(SolutionProperties) = preSolution
		HideSolutionNode = FALSE
	EndGlobalSection
	GlobalSection(ExtensibilityGlobals) = postSolution
		SolutionGuid = {811376C3-3008-4A98-A799-E3C754FAFD73}
	EndGlobalSection
EndGlobal
